
Microsoft Visual Studio Solution File, Format Version 12.00
# Visual Studio Version 17
VisualStudioVersion = 17.5.002.0
MinimumVisualStudioVersion = 10.0.40219.1
Project("{9A19103F-16F7-4668-BE54-9A1E7A4F7556}") = "lectureAndLab7", "lectureAndLab7.csproj", "{1D95FEBE-B828-4BB8-96CF-AD5D1C59E8EE}"
EndProject
Global
	GlobalSection(SolutionConfigurationPlatforms) = preSolution
		Debug|Any CPU = Debug|Any CPU
		Release|Any CPU = Release|Any CPU
	EndGlobalSection
	GlobalSection(ProjectConfigurationPlatforms) = postSolution
		{1D95FEBE-B828-4BB8-96CF-AD5D1C59E8EE}.Debug|Any CPU.ActiveCfg = Debug|Any CPU
		{1D95FEBE-B828-4BB8-96CF-AD5D1C59E8EE}.Debug|Any CPU.Build.0 = Debug|Any CPU
		{1D95FEBE-B828-4BB8-96CF-AD5D1C59E8EE}.Release|Any CPU.ActiveCfg = Release|Any CPU
		{1D95FEBE-B828-4BB8-96CF-AD5D1C59E8EE}.Release|Any CPU.Build.0 = Release|Any CPU
	EndGlobalSection
	GlobalSection(SolutionProperties) = preSolution
		HideSolutionNode = FALSE
	EndGlobalSection
	GlobalSection(ExtensibilityGlobals) = postSolution
		SolutionGuid = {C9A0535E-CE97-49BF-B3B9-5379D802457D}
	EndGlobalSection
EndGlobal
